Microsoft Visual Studio Solution File, Format Version 11.00
# Visual Studio 2010
Project("{8BC9CEB8-8B4A-11D0-8D11-00A0C91BC942}") = "myQBert", "myQBert.vcxproj", "{51B3C49F-F0D9-25A2-BB82-1E30F64546B4}"
EndProject
Global
	GlobalSection(SolutionConfigurationPlatforms) = preSolution
		Debug|Win32 = Debug|Win32
		Release|Win32 = Release|Win32
	EndGlobalSection
	GlobalSection(ProjectConfigurationPlatforms) = postSolution
		{51B3C49F-F0D9-25A2-BB82-1E30F64546B4}.Debug|Win32.ActiveCfg = Debug|Win32
		{51B3C49F-F0D9-25A2-BB82-1E30F64546B4}.Debug|Win32.Build.0 = Debug|Win32
		{51B3C49F-F0D9-25A2-BB82-1E30F64546B4}.Release|Win32.ActiveCfg = Debug|Win32
		{51B3C49F-F0D9-25A2-BB82-1E30F64546B4}.Release|Win32.Build.0 = Debug|Win32
	EndGlobalSection
	GlobalSection(SolutionProperties) = preSolution
		HideSolutionNode = FALSE
	EndGlobalSection
EndGlobal
