<?xml version="1.0" encoding="utf-8"?>
<Project ToolsVersion="4.0" xmlns="http://schemas.microsoft.com/developer/msbuild/2003">
  <ItemGroup>
    <Filter Include="Quellcodedateien">
      <UniqueIdentifier>{12d29169-e232-4680-ad32-3e5a51dfb57a}</UniqueIdentifier>
      <Extensions>cpp;c;cxx;rc;def;r;odl;idl;hpj;bat</Extensions>
    </Filter>
    <Filter Include="Header-Dateien">
      <UniqueIdentifier>{6d37bbb6-5269-4ddd-8ec5-6573f7e0d54a}</UniqueIdentifier>
      <Extensions>h;hpp;hxx;hm;inl</Extensions>
    </Filter>
    <Filter Include="SpaCE">
      <UniqueIdentifier>{608db7ac-a1d6-4d49-af9b-645ec4c67ba8}</UniqueIdentifier>
    </Filter>
  </ItemGroup>
  <ItemGroup>
    <ClCompile Include="myQBert.cpp">
      <Filter>Quellcodedateien</Filter>
    </ClCompile>
    <ClCompile Include="Cube.cpp">
      <Filter>Quellcodedateien</Filter>
    </ClCompile>
    <ClCompile Include="Disk.cpp">
      <Filter>Quellcodedateien</Filter>
    </ClCompile>
    <ClCompile Include="NPC.cpp">
      <Filter>Quellcodedateien</Filter>
    </ClCompile>
    <ClCompile Include="SlickSam.cpp">
      <Filter>Quellcodedateien</Filter>
    </ClCompile>
    <ClCompile Include="UggWrongWay.cpp">
      <Filter>Quellcodedateien</Filter>
    </ClCompile>
    <ClCompile Include="Ball.cpp">
      <Filter>Quellcodedateien</Filter>
    </ClCompile>
    <ClCompile Include="Coily.cpp">
      <Filter>Quellcodedateien</Filter>
    </ClCompile>
    <ClCompile Include="QBert.cpp">
      <Filter>Quellcodedateien</Filter>
    </ClCompile>
    <ClCompile Include="AdjacencyList.cpp">
      <Filter>Quellcodedateien</Filter>
    </ClCompile>
    <ClCompile Include="Edge.cpp">
      <Filter>Quellcodedateien</Filter>
    </ClCompile>
    <ClCompile Include="Node.cpp">
      <Filter>Quellcodedateien</Filter>
    </ClCompile>
    <ClCompile Include="GameStats.cpp">
      <Filter>Quellcodedateien</Filter>
    </ClCompile>
  </ItemGroup>
  <ItemGroup>
    <ClInclude Include="SpaCE\applikation.h">
      <Filter>SpaCE</Filter>
    </ClInclude>
    <ClInclude Include="SpaCE\Beam.h">
      <Filter>SpaCE</Filter>
    </ClInclude>
    <ClInclude Include="SpaCE\billboard.h">
      <Filter>SpaCE</Filter>
    </ClInclude>
    <ClInclude Include="SpaCE\d3dfont.h">
      <Filter>SpaCE</Filter>
    </ClInclude>
    <ClInclude Include="SpaCE\directx.h">
      <Filter>SpaCE</Filter>
    </ClInclude>
    <ClInclude Include="SpaCE\dsutil.h">
      <Filter>SpaCE</Filter>
    </ClInclude>
    <ClInclude Include="SpaCE\Objekt.h">
      <Filter>SpaCE</Filter>
    </ClInclude>
    <ClInclude Include="SpaCE\partikelsystem.h">
      <Filter>SpaCE</Filter>
    </ClInclude>
    <ClInclude Include="SpaCE\skybox.h">
      <Filter>SpaCE</Filter>
    </ClInclude>
    <ClInclude Include="SpaCE\splashscreen.h">
      <Filter>SpaCE</Filter>
    </ClInclude>
    <ClInclude Include="SpaCE\sprite.h">
      <Filter>SpaCE</Filter>
    </ClInclude>
    <ClInclude Include="SpaCE\textbox.h">
      <Filter>SpaCE</Filter>
    </ClInclude>
    <ClInclude Include="SpaCE\Video.h">
      <Filter>SpaCE</Filter>
    </ClInclude>
    <ClInclude Include="Cube.h">
      <Filter>Header-Dateien</Filter>
    </ClInclude>
    <ClInclude Include="Disk.h">
      <Filter>Header-Dateien</Filter>
    </ClInclude>
    <ClInclude Include="NPC.h">
      <Filter>Header-Dateien</Filter>
    </ClInclude>
    <ClInclude Include="SlickSam.h">
      <Filter>Header-Dateien</Filter>
    </ClInclude>
    <ClInclude Include="UggWrongWay.h">
      <Filter>Header-Dateien</Filter>
    </ClInclude>
    <ClInclude Include="Ball.h">
      <Filter>Header-Dateien</Filter>
    </ClInclude>
    <ClInclude Include="Coily.h">
      <Filter>Header-Dateien</Filter>
    </ClInclude>
    <ClInclude Include="QBert.h">
      <Filter>Header-Dateien</Filter>
    </ClInclude>
    <ClInclude Include="resource.h">
      <Filter>Header-Dateien</Filter>
    </ClInclude>
    <ClInclude Include="AdjacencyList.h">
      <Filter>Header-Dateien</Filter>
    </ClInclude>
    <ClInclude Include="Edge.h">
      <Filter>Header-Dateien</Filter>
    </ClInclude>
    <ClInclude Include="Node.h">
      <Filter>Header-Dateien</Filter>
    </ClInclude>
    <ClInclude Include="GameStats.h">
      <Filter>Header-Dateien</Filter>
    </ClInclude>
  </ItemGroup>
  <ItemGroup>
    <Library Include="SpaCE\SpaCE.lib">
      <Filter>SpaCE</Filter>
    </Library>
  </ItemGroup>
  <ItemGroup>
    <ResourceCompile Include="myQBert.rc">
      <Filter>Quellcodedateien</Filter>
    </ResourceCompile>
  </ItemGroup>
  <ItemGroup>
    <None Include="myQBert.ico" />
  </ItemGroup>
</Project>